// !$*UTF8*$!
{
	archiveVersion = 1;
	classes = {
	};
	objectVersion = 55;
	objects = {

/* Begin PBXBuildFile section */
		B636741C27E31D880028BAA1 /* ListaContactosViewController.swift in Sources */ = {isa = PBXBuildFile; fileRef = B636741A27E31D880028BAA1 /* ListaContactosViewController.swift */; };
		B636741D27E31D880028BAA1 /* ListaContactosViewController.xib in Resources */ = {isa = PBXBuildFile; fileRef = B636741B27E31D880028BAA1 /* ListaContactosViewController.xib */; };
		B636741F27E31D930028BAA1 /* ListaContactosCoordinator.swift in Sources */ = {isa = PBXBuildFile; fileRef = B636741E27E31D930028BAA1 /* ListaContactosCoordinator.swift */; };
		B636742327E323ED0028BAA1 /* ContactosCell.swift in Sources */ = {isa = PBXBuildFile; fileRef = B636742127E323ED0028BAA1 /* ContactosCell.swift */; };
		B636742427E323ED0028BAA1 /* ContactosCell.xib in Resources */ = {isa = PBXBuildFile; fileRef = B636742227E323ED0028BAA1 /* ContactosCell.xib */; };
		B636742727E32AB60028BAA1 /* DetalleContactoViewController.swift in Sources */ = {isa = PBXBuildFile; fileRef = B636742527E32AB50028BAA1 /* DetalleContactoViewController.swift */; };
		B636742827E32AB60028BAA1 /* DetalleContactoViewController.xib in Resources */ = {isa = PBXBuildFile; fileRef = B636742627E32AB50028BAA1 /* DetalleContactoViewController.xib */; };
		B636742A27E32ACE0028BAA1 /* DetalleContactoCoordinator.swift in Sources */ = {isa = PBXBuildFile; fileRef = B636742927E32ACE0028BAA1 /* DetalleContactoCoordinator.swift */; };
		B651F9B027E2346B000C801F /* AppDelegate.swift in Sources */ = {isa = PBXBuildFile; fileRef = B651F9AF27E2346B000C801F /* AppDelegate.swift */; };
		B651F9B927E2346F000C801F /* Assets.xcassets in Resources */ = {isa = PBXBuildFile; fileRef = B651F9B827E2346F000C801F /* Assets.xcassets */; };
		B651F9BC27E2346F000C801F /* LaunchScreen.storyboard in Resources */ = {isa = PBXBuildFile; fileRef = B651F9BA27E2346F000C801F /* LaunchScreen.storyboard */; };
		B651F9C527E2359E000C801F /* AppCoordinator.swift in Sources */ = {isa = PBXBuildFile; fileRef = B651F9C427E2359E000C801F /* AppCoordinator.swift */; };
		B651F9CE27E23622000C801F /* TabBarHomeViewController.swift in Sources */ = {isa = PBXBuildFile; fileRef = B651F9CC27E23622000C801F /* TabBarHomeViewController.swift */; };
		B651F9CF27E23622000C801F /* TabBarHomeViewController.xib in Resources */ = {isa = PBXBuildFile; fileRef = B651F9CD27E23622000C801F /* TabBarHomeViewController.xib */; };
		B651F9D127E23633000C801F /* TabBarHomeCoordinator.swift in Sources */ = {isa = PBXBuildFile; fileRef = B651F9D027E23633000C801F /* TabBarHomeCoordinator.swift */; };
		B651F9D527E23914000C801F /* contacts.json in Resources */ = {isa = PBXBuildFile; fileRef = B651F9D427E23914000C801F /* contacts.json */; };
		B651F9D927E23C02000C801F /* ContactModel.swift in Sources */ = {isa = PBXBuildFile; fileRef = B651F9D827E23C02000C801F /* ContactModel.swift */; };
/* End PBXBuildFile section */

/* Begin PBXFileReference section */
		B636741A27E31D880028BAA1 /* ListaContactosViewController.swift */ = {isa = PBXFileReference; lastKnownFileType = sourcecode.swift; path = ListaContactosViewController.swift; sourceTree = "<group>"; };
		B636741B27E31D880028BAA1 /* ListaContactosViewController.xib */ = {isa = PBXFileReference; lastKnownFileType = file.xib; path = ListaContactosViewController.xib; sourceTree = "<group>"; };
		B636741E27E31D930028BAA1 /* ListaContactosCoordinator.swift */ = {isa = PBXFileReference; lastKnownFileType = sourcecode.swift; path = ListaContactosCoordinator.swift; sourceTree = "<group>"; };
		B636742127E323ED0028BAA1 /* ContactosCell.swift */ = {isa = PBXFileReference; lastKnownFileType = sourcecode.swift; path = ContactosCell.swift; sourceTree = "<group>"; };
		B636742227E323ED0028BAA1 /* ContactosCell.xib */ = {isa = PBXFileReference; lastKnownFileType = file.xib; path = ContactosCell.xib; sourceTree = "<group>"; };
		B636742527E32AB50028BAA1 /* DetalleContactoViewController.swift */ = {isa = PBXFileReference; lastKnownFileType = sourcecode.swift; path = DetalleContactoViewController.swift; sourceTree = "<group>"; };
		B636742627E32AB50028BAA1 /* DetalleContactoViewController.xib */ = {isa = PBXFileReference; lastKnownFileType = file.xib; path = DetalleContactoViewController.xib; sourceTree = "<group>"; };
		B636742927E32ACE0028BAA1 /* DetalleContactoCoordinator.swift */ = {isa = PBXFileReference; lastKnownFileType = sourcecode.swift; path = DetalleContactoCoordinator.swift; sourceTree = "<group>"; };
		B651F9AC27E2346B000C801F /* NTTask.app */ = {isa = PBXFileReference; explicitFileType = wrapper.application; includeInIndex = 0; path = NTTask.app; sourceTree = BUILT_PRODUCTS_DIR; };
		B651F9AF27E2346B000C801F /* AppDelegate.swift */ = {isa = PBXFileReference; lastKnownFileType = sourcecode.swift; path = AppDelegate.swift; sourceTree = "<group>"; };
		B651F9B827E2346F000C801F /* Assets.xcassets */ = {isa = PBXFileReference; lastKnownFileType = folder.assetcatalog; path = Assets.xcassets; sourceTree = "<group>"; };
		B651F9BB27E2346F000C801F /* Base */ = {isa = PBXFileReference; lastKnownFileType = file.storyboard; name = Base; path = Base.lproj/LaunchScreen.storyboard; sourceTree = "<group>"; };
		B651F9BD27E2346F000C801F /* Info.plist */ = {isa = PBXFileReference; lastKnownFileType = text.plist.xml; path = Info.plist; sourceTree = "<group>"; };
		B651F9C427E2359E000C801F /* AppCoordinator.swift */ = {isa = PBXFileReference; fileEncoding = 4; lastKnownFileType = sourcecode.swift; name = AppCoordinator.swift; path = ../../../AppUserDefaultIntro/AppUserDefaultIntro/CoreApp/AppCoordinator.swift; sourceTree = "<group>"; };
		B651F9CC27E23622000C801F /* TabBarHomeViewController.swift */ = {isa = PBXFileReference; lastKnownFileType = sourcecode.swift; path = TabBarHomeViewController.swift; sourceTree = "<group>"; };
		B651F9CD27E23622000C801F /* TabBarHomeViewController.xib */ = {isa = PBXFileReference; lastKnownFileType = file.xib; path = TabBarHomeViewController.xib; sourceTree = "<group>"; };
		B651F9D027E23633000C801F /* TabBarHomeCoordinator.swift */ = {isa = PBXFileReference; lastKnownFileType = sourcecode.swift; path = TabBarHomeCoordinator.swift; sourceTree = "<group>"; };
		B651F9D427E23914000C801F /* contacts.json */ = {isa = PBXFileReference; fileEncoding = 4; lastKnownFileType = text.json; name = contacts.json; path = ../../../../../Downloads/contacts.json; sourceTree = "<group>"; };
		B651F9D827E23C02000C801F /* ContactModel.swift */ = {isa = PBXFileReference; lastKnownFileType = sourcecode.swift; path = ContactModel.swift; sourceTree = "<group>"; };
/* End PBXFileReference section */

/* Begin PBXFrameworksBuildPhase section */
		B651F9A927E2346B000C801F /* Frameworks */ = {
			isa = PBXFrameworksBuildPhase;
			buildActionMask = 2147483647;
			files = (
			);
			runOnlyForDeploymentPostprocessing = 0;
		};
/* End PBXFrameworksBuildPhase section */

/* Begin PBXGroup section */
		B636742027E323C90028BAA1 /* Cell */ = {
			isa = PBXGroup;
			children = (
				B636742127E323ED0028BAA1 /* ContactosCell.swift */,
				B636742227E323ED0028BAA1 /* ContactosCell.xib */,
			);
			path = Cell;
			sourceTree = "<group>";
		};
		B651F9A327E2346B000C801F = {
			isa = PBXGroup;
			children = (
				B651F9AE27E2346B000C801F /* NTTask */,
				B651F9AD27E2346B000C801F /* Products */,
			);
			sourceTree = "<group>";
		};
		B651F9AD27E2346B000C801F /* Products */ = {
			isa = PBXGroup;
			children = (
				B651F9AC27E2346B000C801F /* NTTask.app */,
			);
			name = Products;
			sourceTree = "<group>";
		};
		B651F9AE27E2346B000C801F /* NTTask */ = {
			isa = PBXGroup;
			children = (
				B651F9D627E23BF3000C801F /* Models */,
				B651F9D227E237B1000C801F /* StubJson */,
				B651F9C627E235BB000C801F /* Modules */,
				B651F9C327E23540000C801F /* CoreApp */,
				B651F9B827E2346F000C801F /* Assets.xcassets */,
				B651F9BA27E2346F000C801F /* LaunchScreen.storyboard */,
				B651F9BD27E2346F000C801F /* Info.plist */,
			);
			path = NTTask;
			sourceTree = "<group>";
		};
		B651F9C327E23540000C801F /* CoreApp */ = {
			isa = PBXGroup;
			children = (
				B651F9AF27E2346B000C801F /* AppDelegate.swift */,
				B651F9C427E2359E000C801F /* AppCoordinator.swift */,
			);
			path = CoreApp;
			sourceTree = "<group>";
		};
		B651F9C627E235BB000C801F /* Modules */ = {
			isa = PBXGroup;
			children = (
				B651F9C727E235CB000C801F /* Sections */,
			);
			path = Modules;
			sourceTree = "<group>";
		};
		B651F9C727E235CB000C801F /* Sections */ = {
			isa = PBXGroup;
			children = (
				B651F9CB27E235F8000C801F /* NuevaTarea */,
				B651F9CA27E235EA000C801F /* ListaTareas */,
				B651F9C927E235DF000C801F /* Contactos */,
				B651F9C827E235D4000C801F /* TabBarHome */,
			);
			path = Sections;
			sourceTree = "<group>";
		};
		B651F9C827E235D4000C801F /* TabBarHome */ = {
			isa = PBXGroup;
			children = (
				B651F9CC27E23622000C801F /* TabBarHomeViewController.swift */,
				B651F9CD27E23622000C801F /* TabBarHomeViewController.xib */,
				B651F9D027E23633000C801F /* TabBarHomeCoordinator.swift */,
			);
			path = TabBarHome;
			sourceTree = "<group>";
		};
		B651F9C927E235DF000C801F /* Contactos */ = {
			isa = PBXGroup;
			children = (
				B636742027E323C90028BAA1 /* Cell */,
				B636741A27E31D880028BAA1 /* ListaContactosViewController.swift */,
				B636741E27E31D930028BAA1 /* ListaContactosCoordinator.swift */,
				B636742527E32AB50028BAA1 /* DetalleContactoViewController.swift */,
				B636742927E32ACE0028BAA1 /* DetalleContactoCoordinator.swift */,
				B636742627E32AB50028BAA1 /* DetalleContactoViewController.xib */,
				B636741B27E31D880028BAA1 /* ListaContactosViewController.xib */,
			);
			path = Contactos;
			sourceTree = "<group>";
		};
		B651F9CA27E235EA000C801F /* ListaTareas */ = {
			isa = PBXGroup;
			children = (
			);
			path = ListaTareas;
			sourceTree = "<group>";
		};
		B651F9CB27E235F8000C801F /* NuevaTarea */ = {
			isa = PBXGroup;
			children = (
			);
			path = NuevaTarea;
			sourceTree = "<group>";
		};
		B651F9D227E237B1000C801F /* StubJson */ = {
			isa = PBXGroup;
			children = (
				B651F9D427E23914000C801F /* contacts.json */,
			);
			path = StubJson;
			sourceTree = "<group>";
		};
		B651F9D627E23BF3000C801F /* Models */ = {
			isa = PBXGroup;
			children = (
				B651F9D827E23C02000C801F /* ContactModel.swift */,
			);
			path = Models;
			sourceTree = "<group>";
		};
/* End PBXGroup section */

/* Begin PBXNativeTarget section */
		B651F9AB27E2346B000C801F /* NTTask */ = {
			isa = PBXNativeTarget;
			buildConfigurationList = B651F9C027E2346F000C801F /* Build configuration list for PBXNativeTarget "NTTask" */;
			buildPhases = (
				B651F9A827E2346B000C801F /* Sources */,
				B651F9A927E2346B000C801F /* Frameworks */,
				B651F9AA27E2346B000C801F /* Resources */,
			);
			buildRules = (
			);
			dependencies = (
			);
			name = NTTask;
			productName = NTTask;
			productReference = B651F9AC27E2346B000C801F /* NTTask.app */;
			productType = "com.apple.product-type.application";
		};
/* End PBXNativeTarget section */

/* Begin PBXProject section */
		B651F9A427E2346B000C801F /* Project object */ = {
			isa = PBXProject;
			attributes = {
				BuildIndependentTargetsInParallel = 1;
				LastSwiftUpdateCheck = 1320;
				LastUpgradeCheck = 1320;
				TargetAttributes = {
					B651F9AB27E2346B000C801F = {
						CreatedOnToolsVersion = 13.2.1;
					};
				};
			};
			buildConfigurationList = B651F9A727E2346B000C801F /* Build configuration list for PBXProject "NTTask" */;
			compatibilityVersion = "Xcode 13.0";
			developmentRegion = en;
			hasScannedForEncodings = 0;
			knownRegions = (
				en,
				Base,
			);
			mainGroup = B651F9A327E2346B000C801F;
			productRefGroup = B651F9AD27E2346B000C801F /* Products */;
			projectDirPath = "";
			projectRoot = "";
			targets = (
				B651F9AB27E2346B000C801F /* NTTask */,
			);
		};
/* End PBXProject section */

/* Begin PBXResourcesBuildPhase section */
		B651F9AA27E2346B000C801F /* Resources */ = {
			isa = PBXResourcesBuildPhase;
			buildActionMask = 2147483647;
			files = (
				B651F9D527E23914000C801F /* contacts.json in Resources */,
				B636741D27E31D880028BAA1 /* ListaContactosViewController.xib in Resources */,
				B636742427E323ED0028BAA1 /* ContactosCell.xib in Resources */,
				B651F9BC27E2346F000C801F /* LaunchScreen.storyboard in Resources */,
				B651F9CF27E23622000C801F /* TabBarHomeViewController.xib in Resources */,
				B651F9B927E2346F000C801F /* Assets.xcassets in Resources */,
				B636742827E32AB60028BAA1 /* DetalleContactoViewController.xib in Resources */,
			);
			runOnlyForDeploymentPostprocessing = 0;
		};
/* End PBXResourcesBuildPhase section */

/* Begin PBXSourcesBuildPhase section */
		B651F9A827E2346B000C801F /* Sources */ = {
			isa = PBXSourcesBuildPhase;
			buildActionMask = 2147483647;
			files = (
				B636742A27E32ACE0028BAA1 /* DetalleContactoCoordinator.swift in Sources */,
				B636741F27E31D930028BAA1 /* ListaContactosCoordinator.swift in Sources */,
				B651F9C527E2359E000C801F /* AppCoordinator.swift in Sources */,
				B636741C27E31D880028BAA1 /* ListaContactosViewController.swift in Sources */,
				B651F9B027E2346B000C801F /* AppDelegate.swift in Sources */,
				B636742327E323ED0028BAA1 /* ContactosCell.swift in Sources */,
				B651F9CE27E23622000C801F /* TabBarHomeViewController.swift in Sources */,
				B651F9D927E23C02000C801F /* ContactModel.swift in Sources */,
				B651F9D127E23633000C801F /* TabBarHomeCoordinator.swift in Sources */,
				B636742727E32AB60028BAA1 /* DetalleContactoViewController.swift in Sources */,
			);
			runOnlyForDeploymentPostprocessing = 0;
		};
/* End PBXSourcesBuildPhase section */

/* Begin PBXVariantGroup section */
		B651F9BA27E2346F000C801F /* LaunchScreen.storyboard */ = {
			isa = PBXVariantGroup;
			children = (
				B651F9BB27E2346F000C801F /* Base */,
			);
			name = LaunchScreen.storyboard;
			sourceTree = "<group>";
		};
/* End PBXVariantGroup section */

/* Begin XCBuildConfiguration section */
		B651F9BE27E2346F000C801F /* Debug */ = {
			isa = XCBuildConfiguration;
			buildSettings = {
				ALWAYS_SEARCH_USER_PATHS = NO;
				CLANG_ANALYZER_NONNULL = YES;
				CLANG_ANALYZER_NUMBER_OBJECT_CONVERSION = YES_AGGRESSIVE;
				CLANG_CXX_LANGUAGE_STANDARD = "gnu++17";
				CLANG_CXX_LIBRARY = "libc++";
				CLANG_ENABLE_MODULES = YES;
				CLANG_ENABLE_OBJC_ARC = YES;
				CLANG_ENABLE_OBJC_WEAK = YES;
				CLANG_WARN_BLOCK_CAPTURE_AUTORELEASING = YES;
				CLANG_WARN_BOOL_CONVERSION = YES;
				CLANG_WARN_COMMA = YES;
				CLANG_WARN_CONSTANT_CONVERSION = YES;
				CLANG_WARN_DEPRECATED_OBJC_IMPLEMENTATIONS = YES;
				CLANG_WARN_DIRECT_OBJC_ISA_USAGE = YES_ERROR;
				CLANG_WARN_DOCUMENTATION_COMMENTS = YES;
				CLANG_WARN_EMPTY_BODY = YES;
				CLANG_WARN_ENUM_CONVERSION = YES;
				CLANG_WARN_INFINITE_RECURSION = YES;
				CLANG_WARN_INT_CONVERSION = YES;
				CLANG_WARN_NON_LITERAL_NULL_CONVERSION = YES;
				CLANG_WARN_OBJC_IMPLICIT_RETAIN_SELF = YES;
				CLANG_WARN_OBJC_LITERAL_CONVERSION = YES;
				CLANG_WARN_OBJC_ROOT_CLASS = YES_ERROR;
				CLANG_WARN_QUOTED_INCLUDE_IN_FRAMEWORK_HEADER = YES;
				CLANG_WARN_RANGE_LOOP_ANALYSIS = YES;
				CLANG_WARN_STRICT_PROTOTYPES = YES;
				CLANG_WARN_SUSPICIOUS_MOVE = YES;
				CLANG_WARN_UNGUARDED_AVAILABILITY = YES_AGGRESSIVE;
				CLANG_WARN_UNREACHABLE_CODE = YES;
				CLANG_WARN__DUPLICATE_METHOD_MATCH = YES;
				COPY_PHASE_STRIP = NO;
				DEBUG_INFORMATION_FORMAT = dwarf;
				ENABLE_STRICT_OBJC_MSGSEND = YES;
				ENABLE_TESTABILITY = YES;
				GCC_C_LANGUAGE_STANDARD = gnu11;
				GCC_DYNAMIC_NO_PIC = NO;
				GCC_NO_COMMON_BLOCKS = YES;
				GCC_OPTIMIZATION_LEVEL = 0;
				GCC_PREPROCESSOR_DEFINITIONS = (
					"DEBUG=1",
					"$(inherited)",
				);
				GCC_WARN_64_TO_32_BIT_CONVERSION = YES;
				GCC_WARN_ABOUT_RETURN_TYPE = YES_ERROR;
				GCC_WARN_UNDECLARED_SELECTOR = YES;
				GCC_WARN_UNINITIALIZED_AUTOS = YES_AGGRESSIVE;
				GCC_WARN_UNUSED_FUNCTION = YES;
				GCC_WARN_UNUSED_VARIABLE = YES;
				IPHONEOS_DEPLOYMENT_TARGET = 15.2;
				MTL_ENABLE_DEBUG_INFO = INCLUDE_SOURCE;
				MTL_FAST_MATH = YES;
				ONLY_ACTIVE_ARCH = YES;
				SDKROOT = iphoneos;
				SWIFT_ACTIVE_COMPILATION_CONDITIONS = DEBUG;
				SWIFT_OPTIMIZATION_LEVEL = "-Onone";
			};
			name = Debug;
		};
		B651F9BF27E2346F000C801F /* Release */ = {
			isa = XCBuildConfiguration;
			buildSettings = {
				ALWAYS_SEARCH_USER_PATHS = NO;
				CLANG_ANALYZER_NONNULL = YES;
				CLANG_ANALYZER_NUMBER_OBJECT_CONVERSION = YES_AGGRESSIVE;
				CLANG_CXX_LANGUAGE_STANDARD = "gnu++17";
				CLANG_CXX_LIBRARY = "libc++";
				CLANG_ENABLE_MODULES = YES;
				CLANG_ENABLE_OBJC_ARC = YES;
				CLANG_ENABLE_OBJC_WEAK = YES;
				CLANG_WARN_BLOCK_CAPTURE_AUTORELEASING = YES;
				CLANG_WARN_BOOL_CONVERSION = YES;
				CLANG_WARN_COMMA = YES;
				CLANG_WARN_CONSTANT_CONVERSION = YES;
				CLANG_WARN_DEPRECATED_OBJC_IMPLEMENTATIONS = YES;
				CLANG_WARN_DIRECT_OBJC_ISA_USAGE = YES_ERROR;
				CLANG_WARN_DOCUMENTATION_COMMENTS = YES;
				CLANG_WARN_EMPTY_BODY = YES;
				CLANG_WARN_ENUM_CONVERSION = YES;
				CLANG_WARN_INFINITE_RECURSION = YES;
				CLANG_WARN_INT_CONVERSION = YES;
				CLANG_WARN_NON_LITERAL_NULL_CONVERSION = YES;
				CLANG_WARN_OBJC_IMPLICIT_RETAIN_SELF = YES;
				CLANG_WARN_OBJC_LITERAL_CONVERSION = YES;
				CLANG_WARN_OBJC_ROOT_CLASS = YES_ERROR;
				CLANG_WARN_QUOTED_INCLUDE_IN_FRAMEWORK_HEADER = YES;
				CLANG_WARN_RANGE_LOOP_ANALYSIS = YES;
				CLANG_WARN_STRICT_PROTOTYPES = YES;
				CLANG_WARN_SUSPICIOUS_MOVE = YES;
				CLANG_WARN_UNGUARDED_AVAILABILITY = YES_AGGRESSIVE;
				CLANG_WARN_UNREACHABLE_CODE = YES;
				CLANG_WARN__DUPLICATE_METHOD_MATCH = YES;
				COPY_PHASE_STRIP = NO;
				DEBUG_INFORMATION_FORMAT = "dwarf-with-dsym";
				ENABLE_NS_ASSERTIONS = NO;
				ENABLE_STRICT_OBJC_MSGSEND = YES;
				GCC_C_LANGUAGE_STANDARD = gnu11;
				GCC_NO_COMMON_BLOCKS = YES;
				GCC_WARN_64_TO_32_BIT_CONVERSION = YES;
				GCC_WARN_ABOUT_RETURN_TYPE = YES_ERROR;
				GCC_WARN_UNDECLARED_SELECTOR = YES;
				GCC_WARN_UNINITIALIZED_AUTOS = YES_AGGRESSIVE;
				GCC_WARN_UNUSED_FUNCTION = YES;
				GCC_WARN_UNUSED_VARIABLE = YES;
				IPHONEOS_DEPLOYMENT_TARGET = 15.2;
				MTL_ENABLE_DEBUG_INFO = NO;
				MTL_FAST_MATH = YES;
				SDKROOT = iphoneos;
				SWIFT_COMPILATION_MODE = wholemodule;
				SWIFT_OPTIMIZATION_LEVEL = "-O";
				VALIDATE_PRODUCT = YES;
			};
			name = Release;
		};
		B651F9C127E2346F000C801F /* Debug */ = {
			isa = XCBuildConfiguration;
			buildSettings = {
				ASSETCATALOG_COMPILER_APPICON_NAME = AppIcon;
				ASSETCATALOG_COMPILER_GLOBAL_ACCENT_COLOR_NAME = AccentColor;
				CODE_SIGN_STYLE = Automatic;
				CURRENT_PROJECT_VERSION = 1;
				DEVELOPMENT_TEAM = YJSWJ79MF3;
				GENERATE_INFOPLIST_FILE = YES;
				INFOPLIST_FILE = NTTask/Info.plist;
				INFOPLIST_KEY_CFBundleDisplayName = NTTask;
				INFOPLIST_KEY_UIApplicationSupportsIndirectInputEvents = YES;
				INFOPLIST_KEY_UILaunchStoryboardName = LaunchScreen;
				INFOPLIST_KEY_UISupportedInterfaceOrientations_iPad = "UIInterfaceOrientationPortrait UIInterfaceOrientationPortraitUpsideDown UIInterfaceOrientationLandscapeLeft UIInterfaceOrientationLandscapeRight";
				INFOPLIST_KEY_UISupportedInterfaceOrientations_iPhone = "UIInterfaceOrientationPortrait UIInterfaceOrientationLandscapeLeft UIInterfaceOrientationLandscapeRight";
				LD_RUNPATH_SEARCH_PATHS = (
					"$(inherited)",
					"@executable_path/Frameworks",
				);
				MARKETING_VERSION = 1.0;
				PRODUCT_BUNDLE_IDENTIFIER = com.Martinho.NTTask;
				PRODUCT_NAME = "$(TARGET_NAME)";
				SWIFT_EMIT_LOC_STRINGS = YES;
				SWIFT_VERSION = 5.0;
				TARGETED_DEVICE_FAMILY = "1,2";
			};
			name = Debug;
		};
		B651F9C227E2346F000C801F /* Release */ = {
			isa = XCBuildConfiguration;
			buildSettings = {
				ASSETCATALOG_COMPILER_APPICON_NAME = AppIcon;
				ASSETCATALOG_COMPILER_GLOBAL_ACCENT_COLOR_NAME = AccentColor;
				CODE_SIGN_STYLE = Automatic;
				CURRENT_PROJECT_VERSION = 1;
				DEVELOPMENT_TEAM = YJSWJ79MF3;
				GENERATE_INFOPLIST_FILE = YES;
				INFOPLIST_FILE = NTTask/Info.plist;
				INFOPLIST_KEY_CFBundleDisplayName = NTTask;
				INFOPLIST_KEY_UIApplicationSupportsIndirectInputEvents = YES;
				INFOPLIST_KEY_UILaunchStoryboardName = LaunchScreen;
				INFOPLIST_KEY_UISupportedInterfaceOrientations_iPad = "UIInterfaceOrientationPortrait UIInterfaceOrientationPortraitUpsideDown UIInterfaceOrientationLandscapeLeft UIInterfaceOrientationLandscapeRight";
				INFOPLIST_KEY_UISupportedInterfaceOrientations_iPhone = "UIInterfaceOrientationPortrait UIInterfaceOrientationLandscapeLeft UIInterfaceOrientationLandscapeRight";
				LD_RUNPATH_SEARCH_PATHS = (
					"$(inherited)",
					"@executable_path/Frameworks",
				);
				MARKETING_VERSION = 1.0;
				PRODUCT_BUNDLE_IDENTIFIER = com.Martinho.NTTask;
				PRODUCT_NAME = "$(TARGET_NAME)";
				SWIFT_EMIT_LOC_STRINGS = YES;
				SWIFT_VERSION = 5.0;
				TARGETED_DEVICE_FAMILY = "1,2";
			};
			name = Release;
		};
/* End XCBuildConfiguration section */

/* Begin XCConfigurationList section */
		B651F9A727E2346B000C801F /* Build configuration list for PBXProject "NTTask" */ = {
			isa = XCConfigurationList;
			buildConfigurations = (
				B651F9BE27E2346F000C801F /* Debug */,
				B651F9BF27E2346F000C801F /* Release */,
			);
			defaultConfigurationIsVisible = 0;
			defaultConfigurationName = Release;
		};
		B651F9C027E2346F000C801F /* Build configuration list for PBXNativeTarget "NTTask" */ = {
			isa = XCConfigurationList;
			buildConfigurations = (
				B651F9C127E2346F000C801F /* Debug */,
				B651F9C227E2346F000C801F /* Release */,
			);
			defaultConfigurationIsVisible = 0;
			defaultConfigurationName = Release;
		};
/* End XCConfigurationList section */
	};
	rootObject = B651F9A427E2346B000C801F /* Project object */;
}
